{
  "name": "noapi",
  "version": "0.1.0",
  "lockfileVersion": 3,
  "requires": true,
  "packages": {
    "": {
      "name": "noapi",
      "version": "0.1.0",
      "license": "MIT",
      "dependencies": {
        "@solarisdk/browser": "^0.1.1",
        "@solarisdk/desktop": "^0.1.2",
        "@solarisdk/sdk": "^0.1.2"
      },
      "devDependencies": {
        "@types/node": "^24.0.0",
        "typescript": "^5.7.2"
      },
      "engines": {
        "node": ">=22.18"
      }
    },
    "node_modules/@solarisdk/browser": {
      "version": "0.1.1",
      "resolved": "https://registry.npmjs.org/@solarisdk/browser/-/browser-0.1.1.tgz",
      "integrity": "sha512-N0uZdgybsJu7Zm7AY2r3GCe9CjmVZAuSAOpWugQ+W7n0UaOwIna+nIGX+rfnezCP3qnCqKGavEpWrBEGE9VIeA==",
      "license": "Apache-2.0",
      "dependencies": {
        "patchright-core": "1.59.3"
      },
      "engines": {
        "node": ">=20"
      }
    },
    "node_modules/@solarisdk/core": {
      "version": "0.1.2",
      "resolved": "https://registry.npmjs.org/@solarisdk/core/-/core-0.1.2.tgz",
      "integrity": "sha512-uuk4J3a4riJb9XShWkj7rFF4S++/rjxACxFAIdE8zlukiIkQmPY2+dnyo8gXVSdliJvbdw4BaWDzQadp9FQ9Bg==",
      "license": "Apache-2.0",
      "dependencies": {
        "ws": "^8.18.0"
      },
      "engines": {
        "node": ">=18"
      }
    },
    "node_modules/@solarisdk/desktop": {
      "version": "0.1.2",
      "resolved": "https://registry.npmjs.org/@solarisdk/desktop/-/desktop-0.1.2.tgz",
      "integrity": "sha512-wKVaVAJM88Qpj0p9PZLYFdfr1Iv1phzB0KuwU5v1PVK/79No3xHYCzLQAGLH2phQpuhoOE1Xj6zRHbLcJ++MLw==",
      "license": "Apache-2.0",
      "dependencies": {
        "@solarisdk/core": "^0.1.2"
      },
      "engines": {
        "node": ">=18"
      }
    },
    "node_modules/@solarisdk/sandbox": {
      "version": "0.1.2",
      "resolved": "https://registry.npmjs.org/@solarisdk/sandbox/-/sandbox-0.1.2.tgz",
      "integrity": "sha512-sMWR7EnSpKvF8jEHPh3aZaGOWl814sHS1ALNSojee4N7H45IGle365IfFv2ulkaBmWY3ai4w7GOHbC9nV8Jk9w==",
      "license": "Apache-2.0",
      "dependencies": {
        "@solarisdk/core": "^0.1.2"
      },
      "engines": {
        "node": ">=18"
      }
    },
    "node_modules/@solarisdk/sdk": {
      "version": "0.1.2",
      "resolved": "https://registry.npmjs.org/@solarisdk/sdk/-/sdk-0.1.2.tgz",
      "integrity": "sha512-/e/p1ec9cHSnOxAV93enqUKicimcyR3dCRkoruIhFQGY0pZFzwGL5Vvye9gye4xfLau/VwU/Az3HFfPQTS8mow==",
      "license": "Apache-2.0",
      "workspaces": [
        "packages/core",
        "packages/desktop",
        "packages/sandbox"
      ],
      "dependencies": {
        "@solarisdk/core": "^0.1.2",
        "@solarisdk/desktop": "^0.1.2",
        "@solarisdk/sandbox": "^0.1.2"
      },
      "bin": {
        "solari": "dist/cli.js"
      },
      "engines": {
        "node": ">=18"
      }
    },
    "node_modules/@types/node": {
      "version": "24.13.3",
      "resolved": "https://registry.npmjs.org/@types/node/-/node-24.13.3.tgz",
      "integrity": "sha512-Dh8vAsV36ig5wa9OX4pXvMc9D3Veibfw2wix0CUwYODLD8nkj9UsLjASr49nPg+2eKzxhBV+v7L8pXvT4e639Q==",
      "dev": true,
      "license": "MIT",
      "dependencies": {
        "undici-types": "~7.18.0"
      }
    },
    "node_modules/patchright-core": {
      "version": "1.59.3",
      "resolved": "https://registry.npmjs.org/patchright-core/-/patchright-core-1.59.3.tgz",
      "integrity": "sha512-EXq8a3nOoiubBtM77W9vYJDP/nFBuGaQK5CAzkaCr9/PTU5DPT1PDW0mDLdeX0P7bzSUgXEHiogHlC4zK2qSzw==",
      "license": "Apache-2.0",
      "bin": {
        "patchright-core": "cli.js"
      },
      "engines": {
        "node": ">=18"
      }
    },
    "node_modules/typescript": {
      "version": "5.9.3",
      "resolved": "https://registry.npmjs.org/typescript/-/typescript-5.9.3.tgz",
      "integrity": "sha512-jl1vZzPDinLr9eUt3J/t7V6FgNEw9QjvBPdysz9KfQDD41fQrC2Y4vKQdiaUpFT4bXlb1RHhLpp8wtm6M5TgSw==",
      "dev": true,
      "license": "Apache-2.0",
      "bin": {
        "tsc": "bin/tsc",
        "tsserver": "bin/tsserver"
      },
      "engines": {
        "node": ">=14.17"
      }
    },
    "node_modules/undici-types": {
      "version": "7.18.2",
      "resolved": "https://registry.npmjs.org/undici-types/-/undici-types-7.18.2.tgz",
      "integrity": "sha512-AsuCzffGHJybSaRrmr5eHr81mwJU3kjw6M+uprWvCXiNeN9SOGwQ3Jn8jb8m3Z6izVgknn1R0FTCEAP2QrLY/w==",
      "dev": true,
      "license": "MIT"
    },
    "node_modules/ws": {
      "version": "8.21.3",
      "resolved": "https://registry.npmjs.org/ws/-/ws-8.21.3.tgz",
      "integrity": "sha512-201TZ/kPWxoPr/OKWjquZR1SWKXcvxdH+e1xrx89b3YbmzLMFCLfnaG1HFIgWzJOEWZ7MvpK++odZufgYR50Rw==",
      "license": "MIT",
      "engines": {
        "node": ">=10.0.0"
      },
      "peerDependencies": {
        "bufferutil": "^4.0.1",
        "utf-8-validate": ">=5.0.2"
      },
      "peerDependenciesMeta": {
        "bufferutil": {
          "optional": true
        },
        "utf-8-validate": {
          "optional": true
        }
      }
    }
  }
}
